
Microsoft Visual Studio Solution File, Format Version 12.00
# Visual Studio 15
VisualStudioVersion = 15.0.28010.2003
MinimumVisualStudioVersion = 10.0.40219.1
Project("{FAE04EC0-301F-11D3-BF4B-00C04F79EFBC}") = "WindowsFormsApp1", "WindowsFormsApp1\WindowsFormsApp1.csproj", "{5E006C41-9A44-4F85-89CC-6E5EF6572F58}"
EndProject
Global
	GlobalSection(SolutionConfigurationPlatforms) = preSolution
		Debug|Any CPU = Debug|Any CPU
		Release|Any CPU = Release|Any CPU
	EndGlobalSection
	GlobalSection(ProjectConfigurationPlatforms) = postSolution
		{5E006C41-9A44-4F85-89CC-6E5EF6572F58}.Debug|Any CPU.ActiveCfg = Debug|Any CPU
		{5E006C41-9A44-4F85-89CC-6E5EF6572F58}.Debug|Any CPU.Build.0 = Debug|Any CPU
		{5E006C41-9A44-4F85-89CC-6E5EF6572F58}.Release|Any CPU.ActiveCfg = Release|Any CPU
		{5E006C41-9A44-4F85-89CC-6E5EF6572F58}.Release|Any CPU.Build.0 = Release|Any CPU
	EndGlobalSection
	GlobalSection(SolutionProperties) = preSolution
		HideSolutionNode = FALSE
	EndGlobalSection
	GlobalSection(ExtensibilityGlobals) = postSolution
		SolutionGuid = {BF0B4950-EC0B-42E8-8A5E-331CD0211B6A}
	EndGlobalSection
EndGlobal
